
Microsoft Visual Studio Solution File, Format Version 12.00
# Visual Studio 2012
Project("{FAE04EC0-301F-11D3-BF4B-00C04F79EFBC}") = "CommandLine", "CommandLine\CommandLine.csproj", "{F27D039C-5022-4585-9FC4-F0D76203B4CE}"
EndProject
Project("{FAE04EC0-301F-11D3-BF4B-00C04F79EFBC}") = "Tests", "Tests\Tests.csproj", "{E52FD3D4-8C74-441A-8F6F-8512AE909F6B}"
EndProject
Global
	GlobalSection(SolutionConfigurationPlatforms) = preSolution
		Debug|Any CPU = Debug|Any CPU
		Release|Any CPU = Release|Any CPU
	EndGlobalSection
	GlobalSection(ProjectConfigurationPlatforms) = postSolution
		{F27D039C-5022-4585-9FC4-F0D76203B4CE}.Debug|Any CPU.ActiveCfg = Debug|Any CPU
		{F27D039C-5022-4585-9FC4-F0D76203B4CE}.Debug|Any CPU.Build.0 = Debug|Any CPU
		{F27D039C-5022-4585-9FC4-F0D76203B4CE}.Release|Any CPU.ActiveCfg = Release|Any CPU
		{F27D039C-5022-4585-9FC4-F0D76203B4CE}.Release|Any CPU.Build.0 = Release|Any CPU
		{E52FD3D4-8C74-441A-8F6F-8512AE909F6B}.Debug|Any CPU.ActiveCfg = Debug|Any CPU
		{E52FD3D4-8C74-441A-8F6F-8512AE909F6B}.Debug|Any CPU.Build.0 = Debug|Any CPU
		{E52FD3D4-8C74-441A-8F6F-8512AE909F6B}.Release|Any CPU.ActiveCfg = Release|Any CPU
		{E52FD3D4-8C74-441A-8F6F-8512AE909F6B}.Release|Any CPU.Build.0 = Release|Any CPU
	EndGlobalSection
	GlobalSection(SolutionProperties) = preSolution
		HideSolutionNode = FALSE
	EndGlobalSection
	GlobalSection(ExtensibilityGlobals) = postSolution
		EnterpriseLibraryConfigurationToolBinariesPath = packages\Unity.2.1.505.2\lib\NET35;packages\Unity.Interception.2.1.505.2\lib\NET35;packages\EnterpriseLibrary.Common.5.0.505.0\lib\NET35
	EndGlobalSection
EndGlobal
